#MicroXplorer Configuration settings - do not modify
Mcu.Family=STM32F4
TIM4.Channel-PWM\ Generation1\ CH1=TIM_CHANNEL_1
ProjectManager.MainLocation=Core/Src
SH.S_TIM4_CH1.ConfNb=1
VP_TIM5_VS_ClockSourceINT.Mode=Internal
SH.S_TIM4_CH2.ConfNb=1
ProjectManager.ProjectFileName=DTC_STM32F4.ioc
RCC.CortexFreq_Value=180000000
ProjectManager.KeepUserCode=true
Mcu.UserName=STM32F446ZETx
Mcu.PinsNb=15
ProjectManager.NoMain=false
VP_TIM5_VS_ClockSourceINT.Signal=TIM5_VS_ClockSourceINT
SH.S_TIM4_CH4.0=TIM4_CH4,PWM Generation4 CH4
RCC.PLLCLKFreq_Value=180000000
RCC.FMPI2C1Freq_Value=45000000
RCC.PLLQCLKFreq_Value=180000000
RCC.VCOI2SInputFreq_Value=1000000
TIM3.EncoderMode=TIM_ENCODERMODE_TI12
ProjectManager.functionlistsort=1-MX_GPIO_Init-GPIO-false-HAL-true,2-SystemClock_Config-RCC-false-HAL-false,3-MX_TIM2_Init-TIM2-false-HAL-true,4-MX_TIM3_Init-TIM3-false-HAL-true,5-MX_TIM4_Init-TIM4-false-HAL-true,6-MX_TIM5_Init-TIM5-false-HAL-true
PD8.Locked=true
NVIC.EXTI3_IRQn=true\:0\:0\:false\:false\:true\:true\:true
ProjectManager.DefaultFWLocation=true
PD9.Signal=USART3_RX
RCC.PLLI2SRCLKFreq_Value=96000000
ProjectManager.DeletePrevious=true
TIM2.Channel-PWM\ Generation2\ CH2=TIM_CHANNEL_2
SH.S_TIM4_CH4.ConfNb=1
RCC.APB1CLKDivider=RCC_HCLK_DIV4
RCC.SAIAFreq_Value=96000000
PD9.Mode=Asynchronous
SH.S_TIM2_CH1_ETR.ConfNb=1
PinOutPanel.RotationAngle=0
RCC.FamilyName=M
RCC.SYSCLKSource=RCC_SYSCLKSOURCE_PLLCLK
ProjectManager.StackSize=0x400
PD13.Signal=S_TIM4_CH2
Mcu.IP4=TIM3
RCC.FCLKCortexFreq_Value=180000000
Mcu.IP5=TIM4
PD13.Locked=true
NVIC.SVCall_IRQn=true\:0\:0\:false\:false\:true\:false\:false
Mcu.IP2=SYS
Mcu.IP3=TIM2
SH.S_TIM2_CH2.0=TIM2_CH2,PWM Generation2 CH2
Mcu.IP0=NVIC
Mcu.IP1=RCC
SH.GPXTI3.ConfNb=1
Mcu.UserConstants=
SH.S_TIM3_CH2.ConfNb=1
ProjectManager.TargetToolchain=STM32CubeIDE
TIM4.IPParameters=Channel-PWM Generation1 CH1,Channel-PWM Generation2 CH2,Channel-PWM Generation3 CH3,Channel-PWM Generation4 CH4
NVIC.TIM5_IRQn=true\:0\:0\:false\:false\:true\:true\:true
Mcu.ThirdPartyNb=0
RCC.SDIOFreq_Value=180000000
SH.S_TIM4_CH3.0=TIM4_CH3,PWM Generation3 CH3
RCC.HCLKFreq_Value=180000000
Mcu.IPNb=8
TIM2.IPParameters=Channel-PWM Generation1 CH1,Channel-PWM Generation2 CH2
ProjectManager.PreviousToolchain=
RCC.APB2TimFreq_Value=180000000
SH.S_TIM2_CH2.ConfNb=1
PB6.Signal=S_TIM4_CH1
RCC.SPDIFRXFreq_Value=180000000
Mcu.Pin6=PD13
PD8.Signal=USART3_TX
Mcu.Pin7=PD14
ProjectManager.RegisterCallBack=
Mcu.Pin8=PD15
RCC.USBFreq_Value=180000000
Mcu.Pin9=PB3
RCC.VCOSAIOutputFreq_Value=192000000
PD8.Mode=Asynchronous
RCC.AHBFreq_Value=180000000
Mcu.Pin0=PA3
Mcu.Pin1=PA5
GPIO.groupedBy=Expand Peripherals
Mcu.Pin2=PA6
Mcu.Pin3=PA7
Mcu.Pin4=PD8
SH.S_TIM4_CH3.ConfNb=1
RCC.VCOI2SOutputFreq_Value=192000000
Mcu.Pin5=PD9
PA5.Signal=S_TIM2_CH1_ETR
ProjectManager.ProjectBuild=false
SH.S_TIM3_CH2.0=TIM3_CH2,Encoder_Interface
TIM4.Channel-PWM\ Generation3\ CH3=TIM_CHANNEL_3
NVIC.UsageFault_IRQn=true\:0\:0\:false\:false\:true\:false\:false
NVIC.DebugMonitor_IRQn=true\:0\:0\:false\:false\:true\:false\:false
RCC.PLLSAIPCLKFreq_Value=96000000
board=custom
SH.GPXTI3.0=GPIO_EXTI3
RCC.VCOOutputFreq_Value=360000000
NVIC.SysTick_IRQn=true\:0\:0\:false\:false\:true\:false\:true
ProjectManager.LastFirmware=true
ProjectManager.FirmwarePackage=STM32Cube FW_F4 V1.26.1
MxDb.Version=DB.6.0.21
TIM4.Channel-PWM\ Generation2\ CH2=TIM_CHANNEL_2
RCC.APB2Freq_Value=90000000
ProjectManager.BackupPrevious=false
MxCube.Version=6.2.1
RCC.VCOInputFreq_Value=2000000
RCC.PLLI2SPCLKFreq_Value=96000000
TIM3.Prescaler=1
File.Version=6
VP_SYS_VS_Systick.Mode=SysTick
TIM3.IPParameters=Prescaler,EncoderMode
SH.S_TIM4_CH2.0=TIM4_CH2,PWM Generation2 CH2
PB7.Signal=GPIO_Output
NVIC.NonMaskableInt_IRQn=true\:0\:0\:false\:false\:true\:false\:false
RCC.PLLRCLKFreq_Value=180000000
TIM2.Channel-PWM\ Generation1\ CH1=TIM_CHANNEL_1
PB6.Locked=true
NVIC.PendSV_IRQn=true\:0\:0\:false\:false\:true\:false\:false
SH.S_TIM3_CH1.0=TIM3_CH1,Encoder_Interface
ProjectManager.FreePins=false
RCC.IPParameters=AHBFreq_Value,APB1CLKDivider,APB1Freq_Value,APB1TimFreq_Value,APB2CLKDivider,APB2Freq_Value,APB2TimFreq_Value,CECFreq_Value,CortexFreq_Value,FCLKCortexFreq_Value,FMPI2C1Freq_Value,FamilyName,HCLKFreq_Value,MCO2PinFreq_Value,PLLCLKFreq_Value,PLLI2SPCLKFreq_Value,PLLI2SQCLKFreq_Value,PLLI2SRCLKFreq_Value,PLLM,PLLN,PLLQCLKFreq_Value,PLLRCLKFreq_Value,PLLSAIPCLKFreq_Value,PLLSAIQCLKFreq_Value,PWRFreq_Value,SAIAFreq_Value,SAIBFreq_Value,SDIOFreq_Value,SPDIFRXFreq_Value,SYSCLKFreq_VALUE,SYSCLKSource,USBFreq_Value,VCOI2SInputFreq_Value,VCOI2SOutputFreq_Value,VCOInputFreq_Value,VCOOutputFreq_Value,VCOSAIInputFreq_Value,VCOSAIOutputFreq_Value
ProjectManager.AskForMigrate=true
Mcu.Name=STM32F446Z(C-E)Tx
RCC.PLLI2SQCLKFreq_Value=96000000
ProjectManager.HalAssertFull=false
ProjectManager.ProjectName=DTC_STM32F4
ProjectManager.UnderRoot=true
PD14.Signal=S_TIM4_CH3
Mcu.IP6=TIM5
RCC.VCOSAIInputFreq_Value=1000000
Mcu.IP7=USART3
ProjectManager.CoupleFile=false
PB4.Locked=true
RCC.MCO2PinFreq_Value=180000000
PB3.Signal=S_TIM2_CH2
RCC.SYSCLKFreq_VALUE=180000000
Mcu.Package=LQFP144
PA6.Signal=S_TIM3_CH1
PA3.Locked=true
PA5.Locked=true
NVIC.ForceEnableDMAVector=true
KeepUserPlacement=false
USART3.VirtualMode=VM_ASYNC
NVIC.MemoryManagement_IRQn=true\:0\:0\:false\:false\:true\:false\:false
ProjectManager.CompilerOptimize=6
ProjectManager.ToolChainLocation=
VP_SYS_VS_Systick.Signal=SYS_VS_Systick
SH.S_TIM2_CH1_ETR.0=TIM2_CH1,PWM Generation1 CH1
USART3.IPParameters=VirtualMode
ProjectManager.HeapSize=0x200
NVIC.HardFault_IRQn=true\:0\:0\:false\:false\:true\:false\:false
Mcu.Pin13=VP_SYS_VS_Systick
Mcu.Pin14=VP_TIM5_VS_ClockSourceINT
SH.S_TIM3_CH1.ConfNb=1
ProjectManager.ComputerToolchain=false
NVIC.PriorityGroup=NVIC_PRIORITYGROUP_4
RCC.APB2CLKDivider=RCC_HCLK_DIV2
Mcu.Pin11=PB6
Mcu.Pin12=PB7
RCC.PLLM=8
RCC.PLLN=180
SH.S_TIM4_CH1.0=TIM4_CH1,PWM Generation1 CH1
Mcu.Pin10=PB4
RCC.CECFreq_Value=32786.88524590164
PB7.Locked=true
RCC.APB1TimFreq_Value=90000000
NVIC.BusFault_IRQn=true\:0\:0\:false\:false\:true\:false\:false
RCC.PWRFreq_Value=180000000
RCC.SAIBFreq_Value=96000000
TIM4.Channel-PWM\ Generation4\ CH4=TIM_CHANNEL_4
PD9.Locked=true
RCC.APB1Freq_Value=45000000
PD15.Signal=S_TIM4_CH4
ProjectManager.CustomerFirmwarePackage=
ProjectManager.DeviceId=STM32F446ZETx
ProjectManager.LibraryCopy=1
RCC.PLLSAIQCLKFreq_Value=96000000
PB4.Signal=GPIO_Output
PB3.Locked=true
PA3.Signal=GPXTI3
PA7.Signal=S_TIM3_CH2
isbadioc=false
